lockfileVersion: 5.3

specifiers:
  '@assemblyscript/loader': ^0.19.11
  as-bind: ^0.8.0
  as-string-sink: ^0.4.2
  assemblyscript: ^0.19.11
  typescript: ^4.4.2
  vite: ^2.5.3

dependencies:
  '@assemblyscript/loader': 0.19.11
  as-bind: 0.8.0_55a9af1b8ebfa5e3b7527e2ea13a6c42
  as-string-sink: 0.4.2

devDependencies:
  assemblyscript: 0.19.11
  typescript: registry.nlark.com/typescript/4.4.2
  vite: registry.nlark.com/vite/2.5.3

packages:

  /@assemblyscript/loader/0.19.11:
    resolution: {integrity: sha512-LYchnZeBMkd42r1JTyh3atB3P4y/jr/9wdODVAvnaRlLha0jo1ONEHbKlETKrMvg2i0xPiKe1a4Hlcvy68Kq2w==}
    dev: false

  /as-bind/0.8.0_55a9af1b8ebfa5e3b7527e2ea13a6c42:
    resolution: {integrity: sha512-TGQ0/9LtAFmSMzafSTupLjcw3OuzmHsKg9KEI52MZsj9MzjPP59JzglsznHFQI+cMqnvxC7SivedZ/7wZChkew==}
    peerDependencies:
      '@assemblyscript/loader': 0.19.x
      assemblyscript: 0.19.x
    dependencies:
      '@assemblyscript/loader': 0.19.11
      assemblyscript: 0.19.11
      visitor-as: 0.5.0
    dev: false

  /as-string-sink/0.4.2:
    resolution: {integrity: sha512-eOuOYPUwwv4QumoJIa7XxyS0OjXI6CyZz2dtba/hTeG5hzhq58HzAPD2FbHhjfYUXQaSAacFnJ9g2Zlfw56LgQ==}
    dev: false

  /assemblyscript/0.19.11:
    resolution: {integrity: sha512-Z121H4rHkrHhOswQQ6Nvv0y3UVqBm3Z6ZSYKF7dNDoR608Axd/gJPkPLGI6fVnqZT+fH6s3/erx4P2vUseMa7w==}
    hasBin: true
    dependencies:
      binaryen: 101.0.0-nightly.20210723
      long: 4.0.0
    dev: true

  /binaryen/101.0.0-nightly.20210723:
    resolution: {integrity: sha512-eioJNqhHlkguVSbblHOtLqlhtC882SOEPKmNFZaDuz1hzQjolxZ+eu3/kaS10n3sGPONsIZsO7R9fR00UyhEUA==}
    hasBin: true
    dev: true

  /fsevents/2.3.2:
    resolution: {integrity: sha1-ilJveLj99GI7cJ4Ll1xSwkwC/Ro=, tarball: fsevents/download/fsevents-2.3.2.tgz}
    engines: {node: ^8.16.0 || ^10.6.0 || >=11.0.0}
    requiresBuild: true
    dev: true
    optional: true

  /function-bind/1.1.1:
    resolution: {integrity: sha1-pWiZ0+o8m6uHS7l3O3xe3pL0iV0=, tarball: function-bind/download/function-bind-1.1.1.tgz}
    dev: true

  /has/1.0.3:
    resolution: {integrity: sha1-ci18v8H2qoJB8W3YFOAR4fQeh5Y=, tarball: has/download/has-1.0.3.tgz}
    engines: {node: '>= 0.4.0'}
    dependencies:
      function-bind: 1.1.1
    dev: true

  /lodash.clonedeep/4.5.0:
    resolution: {integrity: sha1-4j8/nE+Pvd6HJSnBBxhXoIblzO8=}
    dev: false

  /long/4.0.0:
    resolution: {integrity: sha512-XsP+KhQif4bjX1kbuSiySJFNAehNxgLb6hPRGJ9QsUr8ajHkuXGdrHmFUTUUXhDwVX2R5bY4JNZEwbUiMhV+MA==}
    dev: true

  /resolve/1.20.0:
    resolution: {integrity: sha1-YpoBP7P3B1XW8LeTXMHCxTeLGXU=, tarball: resolve/download/resolve-1.20.0.tgz}
    dependencies:
      is-core-module: registry.nlark.com/is-core-module/2.6.0
      path-parse: registry.nlark.com/path-parse/1.0.7
    dev: true

  /ts-mixer/5.4.1:
    resolution: {integrity: sha512-Zo9HgPCtNouDgJ+LGtrzVOjSg8+7WGQktIKLwAfaNrlOK1mWGlz1ejsAF/YqUEqAGjUTeB5fEg8gH9Aui6w9xA==}
    dev: false

  /visitor-as/0.5.0:
    resolution: {integrity: sha512-U2P13pa7BAnfj6IEbP4feS1Rci6NT4GlDcwpqkk90u7LGalc5jH9aMuWnxTC8RJJ92iZzDQ8Lea5/OnLDsgzlw==}
    dependencies:
      lodash.clonedeep: 4.5.0
      ts-mixer: 5.4.1
    dev: false

  registry.nlark.com/colorette/1.3.0:
    resolution: {integrity: sha1-/0XS8O2yRAadO3cq3rBP7TjQoK8=, registry: https://registry.npm.taobao.org/, tarball: https://registry.nlark.com/colorette/download/colorette-1.3.0.tgz}
    name: colorette
    version: 1.3.0
    dev: true

  registry.nlark.com/esbuild/0.12.24:
    resolution: {integrity: sha1-IZZvrSWoDzaO0wgQHogQK84Nxo8=, registry: https://registry.npm.taobao.org/, tarball: https://registry.nlark.com/esbuild/download/esbuild-0.12.24.tgz}
    name: esbuild
    version: 0.12.24
    hasBin: true
    requiresBuild: true
    dev: true

  registry.nlark.com/is-core-module/2.6.0:
    resolution: {integrity: sha1-11U7JSb+Wbkro+QMjfdX7Ipwnhk=, registry: https://registry.npm.taobao.org/, tarball: https://registry.nlark.com/is-core-module/download/is-core-module-2.6.0.tgz}
    name: is-core-module
    version: 2.6.0
    dependencies:
      has: 1.0.3
    dev: true

  registry.nlark.com/nanoid/3.1.25:
    resolution: {integrity: sha1-CcoydHwOVD8OGBS303k0d/nI4VI=, registry: https://registry.npm.taobao.org/, tarball: https://registry.nlark.com/nanoid/download/nanoid-3.1.25.tgz}
    name: nanoid
    version: 3.1.25
    engines: {node: ^10 || ^12 || ^13.7 || ^14 || >=15.0.1}
    hasBin: true
    dev: true

  registry.nlark.com/path-parse/1.0.7:
    resolution: {integrity: sha1-+8EUtgykKzDZ2vWFjkvWi77bZzU=, registry: https://registry.npm.taobao.org/, tarball: https://registry.nlark.com/path-parse/download/path-parse-1.0.7.tgz?cache=0&sync_timestamp=1621947899252&other_urls=https%3A%2F%2Fregistry.nlark.com%2Fpath-parse%2Fdownload%2Fpath-parse-1.0.7.tgz}
    name: path-parse
    version: 1.0.7
    dev: true

  registry.nlark.com/postcss/8.3.6:
    resolution: {integrity: sha1-JzDddql5afN/U7mmCWGXvjEcxOo=, registry: https://registry.npm.taobao.org/, tarball: https://registry.nlark.com/postcss/download/postcss-8.3.6.tgz}
    name: postcss
    version: 8.3.6
    engines: {node: ^10 || ^12 || >=14}
    dependencies:
      colorette: registry.nlark.com/colorette/1.3.0
      nanoid: registry.nlark.com/nanoid/3.1.25
      source-map-js: registry.nlark.com/source-map-js/0.6.2
    dev: true

  registry.nlark.com/rollup/2.56.3:
    resolution: {integrity: sha1-tj7a3ZhRsNYYptDmr4IBlVp3rv8=, registry: https://registry.npm.taobao.org/, tarball: https://registry.nlark.com/rollup/download/rollup-2.56.3.tgz}
    name: rollup
    version: 2.56.3
    engines: {node: '>=10.0.0'}
    hasBin: true
    optionalDependencies:
      fsevents: 2.3.2
    dev: true

  registry.nlark.com/source-map-js/0.6.2:
    resolution: {integrity: sha1-C7XeYxtBz72mz7qL0FqA79/SOF4=, registry: https://registry.npm.taobao.org/, tarball: https://registry.nlark.com/source-map-js/download/source-map-js-0.6.2.tgz?cache=0&sync_timestamp=1621571118211&other_urls=https%3A%2F%2Fregistry.nlark.com%2Fsource-map-js%2Fdownload%2Fsource-map-js-0.6.2.tgz}
    name: source-map-js
    version: 0.6.2
    engines: {node: '>=0.10.0'}
    dev: true

  registry.nlark.com/typescript/4.4.2:
    resolution: {integrity: sha1-bWGGQNQw41aaHftE99fmAM7T7oY=, registry: https://registry.npm.taobao.org/, tarball: https://registry.nlark.com/typescript/download/typescript-4.4.2.tgz?cache=0&sync_timestamp=1630999312832&other_urls=https%3A%2F%2Fregistry.nlark.com%2Ftypescript%2Fdownload%2Ftypescript-4.4.2.tgz}
    name: typescript
    version: 4.4.2
    engines: {node: '>=4.2.0'}
    hasBin: true
    dev: true

  registry.nlark.com/vite/2.5.3:
    resolution: {integrity: sha1-iNQKnvub7Ga9h6dnbFaJ81/2N0I=, registry: https://registry.npm.taobao.org/, tarball: https://registry.nlark.com/vite/download/vite-2.5.3.tgz}
    name: vite
    version: 2.5.3
    engines: {node: '>=12.2.0'}
    hasBin: true
    dependencies:
      esbuild: registry.nlark.com/esbuild/0.12.24
      postcss: registry.nlark.com/postcss/8.3.6
      resolve: 1.20.0
      rollup: registry.nlark.com/rollup/2.56.3
    optionalDependencies:
      fsevents: 2.3.2
    dev: true
